// !$*UTF8*$!
{
	archiveVersion = 1;
	classes = {
	};
	objectVersion = 46;
	objects = {

/* Begin PBXBuildFile section */
		3737A78318FBA7F600EFAABF /* Foundation.framework in Frameworks */ = {isa = PBXBuildFile; fileRef = 3737A78218FBA7F600EFAABF /* Foundation.framework */; };
		3737A78518FBA7F600EFAABF /* CoreGraphics.framework in Frameworks */ = {isa = PBXBuildFile; fileRef = 3737A78418FBA7F600EFAABF /* CoreGraphics.framework */; };
		3737A78718FBA7F600EFAABF /* UIKit.framework in Frameworks */ = {isa = PBXBuildFile; fileRef = 3737A78618FBA7F600EFAABF /* UIKit.framework */; };
		3737A78918FBA7F600EFAABF /* CoreData.framework in Frameworks */ = {isa = PBXBuildFile; fileRef = 3737A78818FBA7F600EFAABF /* CoreData.framework */; };
		3737A78F18FBA7F600EFAABF /* InfoPlist.strings in Resources */ = {isa = PBXBuildFile; fileRef = 3737A78D18FBA7F600EFAABF /* InfoPlist.strings */; };
		3737A79118FBA7F600EFAABF /* main.m in Sources */ = {isa = PBXBuildFile; fileRef = 3737A79018FBA7F600EFAABF /* main.m */; };
		3737A79518FBA7F600EFAABF /* AppDelegate.m in Sources */ = {isa = PBXBuildFile; fileRef = 3737A79418FBA7F600EFAABF /* AppDelegate.m */; };
		3737A79818FBA7F600EFAABF /* Main.storyboard in Resources */ = {isa = PBXBuildFile; fileRef = 3737A79618FBA7F600EFAABF /* Main.storyboard */; };
		3737A79B18FBA7F600EFAABF /* CoreDataSync.xcdatamodeld in Sources */ = {isa = PBXBuildFile; fileRef = 3737A79918FBA7F600EFAABF /* CoreDataSync.xcdatamodeld */; };
		3737A79E18FBA7F600EFAABF /* MasterViewController.m in Sources */ = {isa = PBXBuildFile; fileRef = 3737A79D18FBA7F600EFAABF /* MasterViewController.m */; };
		3737A7A118FBA7F600EFAABF /* DetailViewController.m in Sources */ = {isa = PBXBuildFile; fileRef = 3737A7A018FBA7F600EFAABF /* DetailViewController.m */; };
		3737A7A318FBA7F600EFAABF /* Images.xcassets in Resources */ = {isa = PBXBuildFile; fileRef = 3737A7A218FBA7F600EFAABF /* Images.xcassets */; };
		3737A7AA18FBA7F600EFAABF /* XCTest.framework in Frameworks */ = {isa = PBXBuildFile; fileRef = 3737A7A918FBA7F600EFAABF /* XCTest.framework */; };
		3737A7AB18FBA7F600EFAABF /* Foundation.framework in Frameworks */ = {isa = PBXBuildFile; fileRef = 3737A78218FBA7F600EFAABF /* Foundation.framework */; };
		3737A7AC18FBA7F600EFAABF /* UIKit.framework in Frameworks */ = {isa = PBXBuildFile; fileRef = 3737A78618FBA7F600EFAABF /* UIKit.framework */; };
		3737A7AD18FBA7F600EFAABF /* CoreData.framework in Frameworks */ = {isa = PBXBuildFile; fileRef = 3737A78818FBA7F600EFAABF /* CoreData.framework */; };
		3737A7B518FBA7F600EFAABF /* InfoPlist.strings in Resources */ = {isa = PBXBuildFile; fileRef = 3737A7B318FBA7F600EFAABF /* InfoPlist.strings */; };
		3737A7B718FBA7F600EFAABF /* CoreDataSyncTests.m in Sources */ = {isa = PBXBuildFile; fileRef = 3737A7B618FBA7F600EFAABF /* CoreDataSyncTests.m */; };
		3737A7C218FBA87800EFAABF /* StoreManagerCloud.m in Sources */ = {isa = PBXBuildFile; fileRef = 3737A7C118FBA87800EFAABF /* StoreManagerCloud.m */; };
		37472E1718FEBF8E0012731E /* StoreManager.m in Sources */ = {isa = PBXBuildFile; fileRef = 37472E1618FEBF8E0012731E /* StoreManager.m */; };
		37472E1A18FEC3740012731E /* Wishlist.xcdatamodeld in Sources */ = {isa = PBXBuildFile; fileRef = 37472E1818FEC3740012731E /* Wishlist.xcdatamodeld */; };
/* End PBXBuildFile section */

/* Begin PBXContainerItemProxy section */
		3737A7AE18FBA7F600EFAABF /* PBXContainerItemProxy */ = {
			isa = PBXContainerItemProxy;
			containerPortal = 3737A77718FBA7F600EFAABF /* Project object */;
			proxyType = 1;
			remoteGlobalIDString = 3737A77E18FBA7F600EFAABF;
			remoteInfo = CoreDataSync;
		};
/* End PBXContainerItemProxy section */

/* Begin PBXFileReference section */
		34EAB7E01CF4D4080024C47F /* CoreDataSync.entitlements */ = {isa = PBXFileReference; lastKnownFileType = text.xml; path = CoreDataSync.entitlements; sourceTree = "<group>"; };
		3737A77F18FBA7F600EFAABF /* CoreDataSync.app */ = {isa = PBXFileReference; explicitFileType = wrapper.application; includeInIndex = 0; path = CoreDataSync.app; sourceTree = BUILT_PRODUCTS_DIR; };
		3737A78218FBA7F600EFAABF /* Foundation.framework */ = {isa = PBXFileReference; lastKnownFileType = wrapper.framework; name = Foundation.framework; path = System/Library/Frameworks/Foundation.framework; sourceTree = SDKROOT; };
		3737A78418FBA7F600EFAABF /* CoreGraphics.framework */ = {isa = PBXFileReference; lastKnownFileType = wrapper.framework; name = CoreGraphics.framework; path = System/Library/Frameworks/CoreGraphics.framework; sourceTree = SDKROOT; };
		3737A78618FBA7F600EFAABF /* UIKit.framework */ = {isa = PBXFileReference; lastKnownFileType = wrapper.framework; name = UIKit.framework; path = System/Library/Frameworks/UIKit.framework; sourceTree = SDKROOT; };
		3737A78818FBA7F600EFAABF /* CoreData.framework */ = {isa = PBXFileReference; lastKnownFileType = wrapper.framework; name = CoreData.framework; path = System/Library/Frameworks/CoreData.framework; sourceTree = SDKROOT; };
		3737A78C18FBA7F600EFAABF /* CoreDataSync-Info.plist */ = {isa = PBXFileReference; lastKnownFileType = text.plist.xml; path = "CoreDataSync-Info.plist"; sourceTree = "<group>"; };
		3737A78E18FBA7F600EFAABF /* en */ = {isa = PBXFileReference; lastKnownFileType = text.plist.strings; name = en; path = en.lproj/InfoPlist.strings; sourceTree = "<group>"; };
		3737A79018FBA7F600EFAABF /* main.m */ = {isa = PBXFileReference; lastKnownFileType = sourcecode.c.objc; path = main.m; sourceTree = "<group>"; };
		3737A79218FBA7F600EFAABF /* CoreDataSync-Prefix.pch */ = {isa = PBXFileReference; lastKnownFileType = sourcecode.c.h; path = "CoreDataSync-Prefix.pch"; sourceTree = "<group>"; };
		3737A79318FBA7F600EFAABF /* AppDelegate.h */ = {isa = PBXFileReference; lastKnownFileType = sourcecode.c.h; path = AppDelegate.h; sourceTree = "<group>"; };
		3737A79418FBA7F600EFAABF /* AppDelegate.m */ = {isa = PBXFileReference; lastKnownFileType = sourcecode.c.objc; path = AppDelegate.m; sourceTree = "<group>"; };
		3737A79718FBA7F600EFAABF /* Base */ = {isa = PBXFileReference; lastKnownFileType = file.storyboard; name = Base; path = Base.lproj/Main.storyboard; sourceTree = "<group>"; };
		3737A79A18FBA7F600EFAABF /* CoreDataSync.xcdatamodel */ = {isa = PBXFileReference; lastKnownFileType = wrapper.xcdatamodel; path = CoreDataSync.xcdatamodel; sourceTree = "<group>"; };
		3737A79C18FBA7F600EFAABF /* MasterViewController.h */ = {isa = PBXFileReference; lastKnownFileType = sourcecode.c.h; path = MasterViewController.h; sourceTree = "<group>"; };
		3737A79D18FBA7F600EFAABF /* MasterViewController.m */ = {isa = PBXFileReference; lastKnownFileType = sourcecode.c.objc; path = MasterViewController.m; sourceTree = "<group>"; };
		3737A79F18FBA7F600EFAABF /* DetailViewController.h */ = {isa = PBXFileReference; lastKnownFileType = sourcecode.c.h; path = DetailViewController.h; sourceTree = "<group>"; };
		3737A7A018FBA7F600EFAABF /* DetailViewController.m */ = {isa = PBXFileReference; lastKnownFileType = sourcecode.c.objc; path = DetailViewController.m; sourceTree = "<group>"; };
		3737A7A218FBA7F600EFAABF /* Images.xcassets */ = {isa = PBXFileReference; lastKnownFileType = folder.assetcatalog; path = Images.xcassets; sourceTree = "<group>"; };
		3737A7A818FBA7F600EFAABF /* CoreDataSync.xctest */ = {isa = PBXFileReference; explicitFileType = wrapper.cfbundle; includeInIndex = 0; path = CoreDataSync.xctest; sourceTree = BUILT_PRODUCTS_DIR; };
		3737A7A918FBA7F600EFAABF /* XCTest.framework */ = {isa = PBXFileReference; lastKnownFileType = wrapper.framework; name = XCTest.framework; path = Library/Frameworks/XCTest.framework; sourceTree = DEVELOPER_DIR; };
		3737A7B218FBA7F600EFAABF /* CoreDataSyncTests-Info.plist */ = {isa = PBXFileReference; lastKnownFileType = text.plist.xml; path = "CoreDataSyncTests-Info.plist"; sourceTree = "<group>"; };
		3737A7B418FBA7F600EFAABF /* en */ = {isa = PBXFileReference; lastKnownFileType = text.plist.strings; name = en; path = en.lproj/InfoPlist.strings; sourceTree = "<group>"; };
		3737A7B618FBA7F600EFAABF /* CoreDataSyncTests.m */ = {isa = PBXFileReference; lastKnownFileType = sourcecode.c.objc; path = CoreDataSyncTests.m; sourceTree = "<group>"; };
		3737A7C018FBA87800EFAABF /* StoreManagerCloud.h */ = {isa = PBXFileReference; fileEncoding = 4; lastKnownFileType = sourcecode.c.h; path = StoreManagerCloud.h; sourceTree = "<group>"; };
		3737A7C118FBA87800EFAABF /* StoreManagerCloud.m */ = {isa = PBXFileReference; fileEncoding = 4; lastKnownFileType = sourcecode.c.objc; path = StoreManagerCloud.m; sourceTree = "<group>"; };
		37472E1518FEBF8E0012731E /* StoreManager.h */ = {isa = PBXFileReference; fileEncoding = 4; lastKnownFileType = sourcecode.c.h; path = StoreManager.h; sourceTree = "<group>"; };
		37472E1618FEBF8E0012731E /* StoreManager.m */ = {isa = PBXFileReference; fileEncoding = 4; lastKnownFileType = sourcecode.c.objc; path = StoreManager.m; sourceTree = "<group>"; };
		37472E1918FEC3740012731E /* Wishlist.xcdatamodel */ = {isa = PBXFileReference; lastKnownFileType = wrapper.xcdatamodel; path = Wishlist.xcdatamodel; sourceTree = "<group>"; };
/* End PBXFileReference section */

/* Begin PBXFrameworksBuildPhase section */
		3737A77C18FBA7F600EFAABF /* Frameworks */ = {
			isa = PBXFrameworksBuildPhase;
			buildActionMask = 2147483647;
			files = (
				3737A78518FBA7F600EFAABF /* CoreGraphics.framework in Frameworks */,
				3737A78918FBA7F600EFAABF /* CoreData.framework in Frameworks */,
				3737A78718FBA7F600EFAABF /* UIKit.framework in Frameworks */,
				3737A78318FBA7F600EFAABF /* Foundation.framework in Frameworks */,
			);
			runOnlyForDeploymentPostprocessing = 0;
		};
		3737A7A518FBA7F600EFAABF /* Frameworks */ = {
			isa = PBXFrameworksBuildPhase;
			buildActionMask = 2147483647;
			files = (
				3737A7AA18FBA7F600EFAABF /* XCTest.framework in Frameworks */,
				3737A7AD18FBA7F600EFAABF /* CoreData.framework in Frameworks */,
				3737A7AC18FBA7F600EFAABF /* UIKit.framework in Frameworks */,
				3737A7AB18FBA7F600EFAABF /* Foundation.framework in Frameworks */,
			);
			runOnlyForDeploymentPostprocessing = 0;
		};
/* End PBXFrameworksBuildPhase section */

/* Begin PBXGroup section */
		3737A77618FBA7F600EFAABF = {
			isa = PBXGroup;
			children = (
				3737A78A18FBA7F600EFAABF /* CoreDataSync */,
				3737A7B018FBA7F600EFAABF /* CoreDataSyncTests */,
				3737A78118FBA7F600EFAABF /* Frameworks */,
				3737A78018FBA7F600EFAABF /* Products */,
			);
			sourceTree = "<group>";
		};
		3737A78018FBA7F600EFAABF /* Products */ = {
			isa = PBXGroup;
			children = (
				3737A77F18FBA7F600EFAABF /* CoreDataSync.app */,
				3737A7A818FBA7F600EFAABF /* CoreDataSync.xctest */,
			);
			name = Products;
			sourceTree = "<group>";
		};
		3737A78118FBA7F600EFAABF /* Frameworks */ = {
			isa = PBXGroup;
			children = (
				3737A78218FBA7F600EFAABF /* Foundation.framework */,
				3737A78418FBA7F600EFAABF /* CoreGraphics.framework */,
				3737A78618FBA7F600EFAABF /* UIKit.framework */,
				3737A78818FBA7F600EFAABF /* CoreData.framework */,
				3737A7A918FBA7F600EFAABF /* XCTest.framework */,
			);
			name = Frameworks;
			sourceTree = "<group>";
		};
		3737A78A18FBA7F600EFAABF /* CoreDataSync */ = {
			isa = PBXGroup;
			children = (
				34EAB7E01CF4D4080024C47F /* CoreDataSync.entitlements */,
				3737A7C018FBA87800EFAABF /* StoreManagerCloud.h */,
				3737A7C118FBA87800EFAABF /* StoreManagerCloud.m */,
				37472E1518FEBF8E0012731E /* StoreManager.h */,
				37472E1618FEBF8E0012731E /* StoreManager.m */,
				3737A79318FBA7F600EFAABF /* AppDelegate.h */,
				3737A79418FBA7F600EFAABF /* AppDelegate.m */,
				3737A79618FBA7F600EFAABF /* Main.storyboard */,
				3737A79C18FBA7F600EFAABF /* MasterViewController.h */,
				3737A79D18FBA7F600EFAABF /* MasterViewController.m */,
				3737A79F18FBA7F600EFAABF /* DetailViewController.h */,
				3737A7A018FBA7F600EFAABF /* DetailViewController.m */,
				3737A7A218FBA7F600EFAABF /* Images.xcassets */,
				37472E1818FEC3740012731E /* Wishlist.xcdatamodeld */,
				3737A79918FBA7F600EFAABF /* CoreDataSync.xcdatamodeld */,
				3737A78B18FBA7F600EFAABF /* Supporting Files */,
			);
			path = CoreDataSync;
			sourceTree = "<group>";
		};
		3737A78B18FBA7F600EFAABF /* Supporting Files */ = {
			isa = PBXGroup;
			children = (
				3737A78C18FBA7F600EFAABF /* CoreDataSync-Info.plist */,
				3737A78D18FBA7F600EFAABF /* InfoPlist.strings */,
				3737A79018FBA7F600EFAABF /* main.m */,
				3737A79218FBA7F600EFAABF /* CoreDataSync-Prefix.pch */,
			);
			name = "Supporting Files";
			sourceTree = "<group>";
		};
		3737A7B018FBA7F600EFAABF /* CoreDataSyncTests */ = {
			isa = PBXGroup;
			children = (
				3737A7B618FBA7F600EFAABF /* CoreDataSyncTests.m */,
				3737A7B118FBA7F600EFAABF /* Supporting Files */,
			);
			path = CoreDataSyncTests;
			sourceTree = "<group>";
		};
		3737A7B118FBA7F600EFAABF /* Supporting Files */ = {
			isa = PBXGroup;
			children = (
				3737A7B218FBA7F600EFAABF /* CoreDataSyncTests-Info.plist */,
				3737A7B318FBA7F600EFAABF /* InfoPlist.strings */,
			);
			name = "Supporting Files";
			sourceTree = "<group>";
		};
/* End PBXGroup section */

/* Begin PBXNativeTarget section */
		3737A77E18FBA7F600EFAABF /* CoreDataSync */ = {
			isa = PBXNativeTarget;
			buildConfigurationList = 3737A7BA18FBA7F600EFAABF /* Build configuration list for PBXNativeTarget "CoreDataSync" */;
			buildPhases = (
				3737A77B18FBA7F600EFAABF /* Sources */,
				3737A77C18FBA7F600EFAABF /* Frameworks */,
				3737A77D18FBA7F600EFAABF /* Resources */,
			);
			buildRules = (
			);
			dependencies = (
			);
			name = CoreDataSync;
			productName = CoreDataSync;
			productReference = 3737A77F18FBA7F600EFAABF /* CoreDataSync.app */;
			productType = "com.apple.product-type.application";
		};
		3737A7A718FBA7F600EFAABF /* CoreDataSyncTests */ = {
			isa = PBXNativeTarget;
			buildConfigurationList = 3737A7BD18FBA7F600EFAABF /* Build configuration list for PBXNativeTarget "CoreDataSyncTests" */;
			buildPhases = (
				3737A7A418FBA7F600EFAABF /* Sources */,
				3737A7A518FBA7F600EFAABF /* Frameworks */,
				3737A7A618FBA7F600EFAABF /* Resources */,
			);
			buildRules = (
			);
			dependencies = (
				3737A7AF18FBA7F600EFAABF /* PBXTargetDependency */,
			);
			name = CoreDataSyncTests;
			productName = CoreDataSyncTests;
			productReference = 3737A7A818FBA7F600EFAABF /* CoreDataSync.xctest */;
			productType = "com.apple.product-type.bundle.unit-test";
		};
/* End PBXNativeTarget section */

/* Begin PBXProject section */
		3737A77718FBA7F600EFAABF /* Project object */ = {
			isa = PBXProject;
			attributes = {
				LastUpgradeCheck = 0510;
				ORGANIZATIONNAME = "The University of Chicago, Department of Computer Science";
				TargetAttributes = {
					3737A77E18FBA7F600EFAABF = {
						SystemCapabilities = {
							com.apple.iCloud = {
								enabled = 1;
							};
						};
					};
					3737A7A718FBA7F600EFAABF = {
						TestTargetID = 3737A77E18FBA7F600EFAABF;
					};
				};
			};
			buildConfigurationList = 3737A77A18FBA7F600EFAABF /* Build configuration list for PBXProject "CoreDataSync" */;
			compatibilityVersion = "Xcode 3.2";
			developmentRegion = English;
			hasScannedForEncodings = 0;
			knownRegions = (
				en,
				Base,
			);
			mainGroup = 3737A77618FBA7F600EFAABF;
			productRefGroup = 3737A78018FBA7F600EFAABF /* Products */;
			projectDirPath = "";
			projectRoot = "";
			targets = (
				3737A77E18FBA7F600EFAABF /* CoreDataSync */,
				3737A7A718FBA7F600EFAABF /* CoreDataSyncTests */,
			);
		};
/* End PBXProject section */

/* Begin PBXResourcesBuildPhase section */
		3737A77D18FBA7F600EFAABF /* Resources */ = {
			isa = PBXResourcesBuildPhase;
			buildActionMask = 2147483647;
			files = (
				3737A7A318FBA7F600EFAABF /* Images.xcassets in Resources */,
				3737A78F18FBA7F600EFAABF /* InfoPlist.strings in Resources */,
				3737A79818FBA7F600EFAABF /* Main.storyboard in Resources */,
			);
			runOnlyForDeploymentPostprocessing = 0;
		};
		3737A7A618FBA7F600EFAABF /* Resources */ = {
			isa = PBXResourcesBuildPhase;
			buildActionMask = 2147483647;
			files = (
				3737A7B518FBA7F600EFAABF /* InfoPlist.strings in Resources */,
			);
			runOnlyForDeploymentPostprocessing = 0;
		};
/* End PBXResourcesBuildPhase section */

/* Begin PBXSourcesBuildPhase section */
		3737A77B18FBA7F600EFAABF /* Sources */ = {
			isa = PBXSourcesBuildPhase;
			buildActionMask = 2147483647;
			files = (
				3737A7C218FBA87800EFAABF /* StoreManagerCloud.m in Sources */,
				37472E1718FEBF8E0012731E /* StoreManager.m in Sources */,
				3737A7A118FBA7F600EFAABF /* DetailViewController.m in Sources */,
				3737A79E18FBA7F600EFAABF /* MasterViewController.m in Sources */,
				37472E1A18FEC3740012731E /* Wishlist.xcdatamodeld in Sources */,
				3737A79518FBA7F600EFAABF /* AppDelegate.m in Sources */,
				3737A79B18FBA7F600EFAABF /* CoreDataSync.xcdatamodeld in Sources */,
				3737A79118FBA7F600EFAABF /* main.m in Sources */,
			);
			runOnlyForDeploymentPostprocessing = 0;
		};
		3737A7A418FBA7F600EFAABF /* Sources */ = {
			isa = PBXSourcesBuildPhase;
			buildActionMask = 2147483647;
			files = (
				3737A7B718FBA7F600EFAABF /* CoreDataSyncTests.m in Sources */,
			);
			runOnlyForDeploymentPostprocessing = 0;
		};
/* End PBXSourcesBuildPhase section */

/* Begin PBXTargetDependency section */
		3737A7AF18FBA7F600EFAABF /* PBXTargetDependency */ = {
			isa = PBXTargetDependency;
			target = 3737A77E18FBA7F600EFAABF /* CoreDataSync */;
			targetProxy = 3737A7AE18FBA7F600EFAABF /* PBXContainerItemProxy */;
		};
/* End PBXTargetDependency section */

/* Begin PBXVariantGroup section */
		3737A78D18FBA7F600EFAABF /* InfoPlist.strings */ = {
			isa = PBXVariantGroup;
			children = (
				3737A78E18FBA7F600EFAABF /* en */,
			);
			name = InfoPlist.strings;
			sourceTree = "<group>";
		};
		3737A79618FBA7F600EFAABF /* Main.storyboard */ = {
			isa = PBXVariantGroup;
			children = (
				3737A79718FBA7F600EFAABF /* Base */,
			);
			name = Main.storyboard;
			sourceTree = "<group>";
		};
		3737A7B318FBA7F600EFAABF /* InfoPlist.strings */ = {
			isa = PBXVariantGroup;
			children = (
				3737A7B418FBA7F600EFAABF /* en */,
			);
			name = InfoPlist.strings;
			sourceTree = "<group>";
		};
/* End PBXVariantGroup section */

/* Begin XCBuildConfiguration section */
		3737A7B818FBA7F600EFAABF /* Debug */ = {
			isa = XCBuildConfiguration;
			buildSettings = {
				ALWAYS_SEARCH_USER_PATHS = NO;
				CLANG_CXX_LANGUAGE_STANDARD = "gnu++0x";
				CLANG_CXX_LIBRARY = "libc++";
				CLANG_ENABLE_MODULES = YES;
				CLANG_ENABLE_OBJC_ARC = YES;
				CLANG_WARN_BOOL_CONVERSION = YES;
				CLANG_WARN_CONSTANT_CONVERSION = YES;
				CLANG_WARN_DIRECT_OBJC_ISA_USAGE = YES_ERROR;
				CLANG_WARN_EMPTY_BODY = YES;
				CLANG_WARN_ENUM_CONVERSION = YES;
				CLANG_WARN_INT_CONVERSION = YES;
				CLANG_WARN_OBJC_ROOT_CLASS = YES_ERROR;
				CLANG_WARN__DUPLICATE_METHOD_MATCH = YES;
				"CODE_SIGN_IDENTITY[sdk=iphoneos*]" = "iPhone Developer";
				COPY_PHASE_STRIP = NO;
				GCC_C_LANGUAGE_STANDARD = gnu99;
				GCC_DYNAMIC_NO_PIC = NO;
				GCC_OPTIMIZATION_LEVEL = 0;
				GCC_PREPROCESSOR_DEFINITIONS = (
					"DEBUG=1",
					"$(inherited)",
				);
				GCC_SYMBOLS_PRIVATE_EXTERN = NO;
				GCC_WARN_64_TO_32_BIT_CONVERSION = YES;
				GCC_WARN_ABOUT_RETURN_TYPE = YES_ERROR;
				GCC_WARN_UNDECLARED_SELECTOR = YES;
				GCC_WARN_UNINITIALIZED_AUTOS = YES_AGGRESSIVE;
				GCC_WARN_UNUSED_FUNCTION = YES;
				GCC_WARN_UNUSED_VARIABLE = YES;
				IPHONEOS_DEPLOYMENT_TARGET = 7.1;
				ONLY_ACTIVE_ARCH = YES;
				SDKROOT = iphoneos;
			};
			name = Debug;
		};
		3737A7B918FBA7F600EFAABF /* Release */ = {
			isa = XCBuildConfiguration;
			buildSettings = {
				ALWAYS_SEARCH_USER_PATHS = NO;
				CLANG_CXX_LANGUAGE_STANDARD = "gnu++0x";
				CLANG_CXX_LIBRARY = "libc++";
				CLANG_ENABLE_MODULES = YES;
				CLANG_ENABLE_OBJC_ARC = YES;
				CLANG_WARN_BOOL_CONVERSION = YES;
				CLANG_WARN_CONSTANT_CONVERSION = YES;
				CLANG_WARN_DIRECT_OBJC_ISA_USAGE = YES_ERROR;
				CLANG_WARN_EMPTY_BODY = YES;
				CLANG_WARN_ENUM_CONVERSION = YES;
				CLANG_WARN_INT_CONVERSION = YES;
				CLANG_WARN_OBJC_ROOT_CLASS = YES_ERROR;
				CLANG_WARN__DUPLICATE_METHOD_MATCH = YES;
				"CODE_SIGN_IDENTITY[sdk=iphoneos*]" = "iPhone Developer";
				COPY_PHASE_STRIP = YES;
				ENABLE_NS_ASSERTIONS = NO;
				GCC_C_LANGUAGE_STANDARD = gnu99;
				GCC_WARN_64_TO_32_BIT_CONVERSION = YES;
				GCC_WARN_ABOUT_RETURN_TYPE = YES_ERROR;
				GCC_WARN_UNDECLARED_SELECTOR = YES;
				GCC_WARN_UNINITIALIZED_AUTOS = YES_AGGRESSIVE;
				GCC_WARN_UNUSED_FUNCTION = YES;
				GCC_WARN_UNUSED_VARIABLE = YES;
				IPHONEOS_DEPLOYMENT_TARGET = 7.1;
				SDKROOT = iphoneos;
				VALIDATE_PRODUCT = YES;
			};
			name = Release;
		};
		3737A7BB18FBA7F600EFAABF /* Debug */ = {
			isa = XCBuildConfiguration;
			buildSettings = {
				ASSETCATALOG_COMPILER_APPICON_NAME = AppIcon;
				ASSETCATALOG_COMPILER_LAUNCHIMAGE_NAME = LaunchImage;
				CODE_SIGN_ENTITLEMENTS = CoreDataSync/CoreDataSync.entitlements;
				CODE_SIGN_IDENTITY = "iPhone Developer";
				"CODE_SIGN_IDENTITY[sdk=iphoneos*]" = "iPhone Developer";
				GCC_PRECOMPILE_PREFIX_HEADER = YES;
				GCC_PREFIX_HEADER = "CoreDataSync/CoreDataSync-Prefix.pch";
				INFOPLIST_FILE = "CoreDataSync/CoreDataSync-Info.plist";
				IPHONEOS_DEPLOYMENT_TARGET = 8.0;
				PRODUCT_BUNDLE_IDENTIFIER = com.dbl.test;
				PRODUCT_NAME = CoreDataSync;
				PROVISIONING_PROFILE = "";
				WRAPPER_EXTENSION = app;
			};
			name = Debug;
		};
		3737A7BC18FBA7F600EFAABF /* Release */ = {
			isa = XCBuildConfiguration;
			buildSettings = {
				ASSETCATALOG_COMPILER_APPICON_NAME = AppIcon;
				ASSETCATALOG_COMPILER_LAUNCHIMAGE_NAME = LaunchImage;
				CODE_SIGN_ENTITLEMENTS = CoreDataSync/CoreDataSync.entitlements;
				CODE_SIGN_IDENTITY = "iPhone Developer";
				"CODE_SIGN_IDENTITY[sdk=iphoneos*]" = "iPhone Developer";
				GCC_PRECOMPILE_PREFIX_HEADER = YES;
				GCC_PREFIX_HEADER = "CoreDataSync/CoreDataSync-Prefix.pch";
				INFOPLIST_FILE = "CoreDataSync/CoreDataSync-Info.plist";
				IPHONEOS_DEPLOYMENT_TARGET = 8.0;
				PRODUCT_BUNDLE_IDENTIFIER = com.dbl.test;
				PRODUCT_NAME = CoreDataSync;
				PROVISIONING_PROFILE = "";
				WRAPPER_EXTENSION = app;
			};
			name = Release;
		};
		3737A7BE18FBA7F600EFAABF /* Debug */ = {
			isa = XCBuildConfiguration;
			buildSettings = {
				BUNDLE_LOADER = "$(BUILT_PRODUCTS_DIR)/CoreDataSync.app/CoreDataSync";
				FRAMEWORK_SEARCH_PATHS = (
					"$(SDKROOT)/Developer/Library/Frameworks",
					"$(inherited)",
					"$(DEVELOPER_FRAMEWORKS_DIR)",
				);
				GCC_PRECOMPILE_PREFIX_HEADER = YES;
				GCC_PREFIX_HEADER = "CoreDataSync/CoreDataSync-Prefix.pch";
				GCC_PREPROCESSOR_DEFINITIONS = (
					"DEBUG=1",
					"$(inherited)",
				);
				INFOPLIST_FILE = "CoreDataSyncTests/CoreDataSyncTests-Info.plist";
				PRODUCT_NAME = CoreDataSync;
				TEST_HOST = "$(BUNDLE_LOADER)";
				WRAPPER_EXTENSION = xctest;
			};
			name = Debug;
		};
		3737A7BF18FBA7F600EFAABF /* Release */ = {
			isa = XCBuildConfiguration;
			buildSettings = {
				BUNDLE_LOADER = "$(BUILT_PRODUCTS_DIR)/CoreDataSync.app/CoreDataSync";
				FRAMEWORK_SEARCH_PATHS = (
					"$(SDKROOT)/Developer/Library/Frameworks",
					"$(inherited)",
					"$(DEVELOPER_FRAMEWORKS_DIR)",
				);
				GCC_PRECOMPILE_PREFIX_HEADER = YES;
				GCC_PREFIX_HEADER = "CoreDataSync/CoreDataSync-Prefix.pch";
				INFOPLIST_FILE = "CoreDataSyncTests/CoreDataSyncTests-Info.plist";
				PRODUCT_NAME = CoreDataSync;
				TEST_HOST = "$(BUNDLE_LOADER)";
				WRAPPER_EXTENSION = xctest;
			};
			name = Release;
		};
/* End XCBuildConfiguration section */

/* Begin XCConfigurationList section */
		3737A77A18FBA7F600EFAABF /* Build configuration list for PBXProject "CoreDataSync" */ = {
			isa = XCConfigurationList;
			buildConfigurations = (
				3737A7B818FBA7F600EFAABF /* Debug */,
				3737A7B918FBA7F600EFAABF /* Release */,
			);
			defaultConfigurationIsVisible = 0;
			defaultConfigurationName = Release;
		};
		3737A7BA18FBA7F600EFAABF /* Build configuration list for PBXNativeTarget "CoreDataSync" */ = {
			isa = XCConfigurationList;
			buildConfigurations = (
				3737A7BB18FBA7F600EFAABF /* Debug */,
				3737A7BC18FBA7F600EFAABF /* Release */,
			);
			defaultConfigurationIsVisible = 0;
			defaultConfigurationName = Release;
		};
		3737A7BD18FBA7F600EFAABF /* Build configuration list for PBXNativeTarget "CoreDataSyncTests" */ = {
			isa = XCConfigurationList;
			buildConfigurations = (
				3737A7BE18FBA7F600EFAABF /* Debug */,
				3737A7BF18FBA7F600EFAABF /* Release */,
			);
			defaultConfigurationIsVisible = 0;
			defaultConfigurationName = Release;
		};
/* End XCConfigurationList section */

/* Begin XCVersionGroup section */
		3737A79918FBA7F600EFAABF /* CoreDataSync.xcdatamodeld */ = {
			isa = XCVersionGroup;
			children = (
				3737A79A18FBA7F600EFAABF /* CoreDataSync.xcdatamodel */,
			);
			currentVersion = 3737A79A18FBA7F600EFAABF /* CoreDataSync.xcdatamodel */;
			path = CoreDataSync.xcdatamodeld;
			sourceTree = "<group>";
			versionGroupType = wrapper.xcdatamodel;
		};
		37472E1818FEC3740012731E /* Wishlist.xcdatamodeld */ = {
			isa = XCVersionGroup;
			children = (
				37472E1918FEC3740012731E /* Wishlist.xcdatamodel */,
			);
			currentVersion = 37472E1918FEC3740012731E /* Wishlist.xcdatamodel */;
			path = Wishlist.xcdatamodeld;
			sourceTree = "<group>";
			versionGroupType = wrapper.xcdatamodel;
		};
/* End XCVersionGroup section */
	};
	rootObject = 3737A77718FBA7F600EFAABF /* Project object */;
}
